
Microsoft Visual Studio Solution File, Format Version 12.00
# Visual Studio Version 16
VisualStudioVersion = 16.0.30204.135
MinimumVisualStudioVersion = 10.0.40219.1
Project("{2150E333-8FDC-42A3-9474-1A3956D46DE8}") = "src", "src", "{BFE1E825-7749-4097-A1FC-6F278DED3C59}"
EndProject
Project("{2150E333-8FDC-42A3-9474-1A3956D46DE8}") = "Structural", "Structural", "{1D2AF75E-2E46-4172-A46C-DD9B67C5678C}"
EndProject
Project("{2150E333-8FDC-42A3-9474-1A3956D46DE8}") = "Behavioral", "Behavioral", "{A40BB775-58E8-45DB-80ED-47A20E1C51FA}"
EndProject
Project("{2150E333-8FDC-42A3-9474-1A3956D46DE8}") = "Creational", "Creational", "{4DBA9171-A2AB-4F60-BE83-0DA2EC3E86F0}"
EndProject
Project("{9A19103F-16F7-4668-BE54-9A1E7A4F7556}") = "SingletonPattern", "src\SingletonPattern\SingletonPattern.csproj", "{F2578525-3E3A-40CF-A0B8-1730E51CC2C3}"
EndProject
Project("{FAE04EC0-301F-11D3-BF4B-00C04F79EFBC}") = "AdapterPattern", "src\AdapterPattern\AdapterPattern.csproj", "{00827105-7F00-4F34-9FCE-2EE9D698A183}"
EndProject
Global
	GlobalSection(SolutionConfigurationPlatforms) = preSolution
		Debug|Any CPU = Debug|Any CPU
		Release|Any CPU = Release|Any CPU
	EndGlobalSection
	GlobalSection(ProjectConfigurationPlatforms) = postSolution
		{F2578525-3E3A-40CF-A0B8-1730E51CC2C3}.Debug|Any CPU.ActiveCfg = Debug|Any CPU
		{F2578525-3E3A-40CF-A0B8-1730E51CC2C3}.Debug|Any CPU.Build.0 = Debug|Any CPU
		{F2578525-3E3A-40CF-A0B8-1730E51CC2C3}.Release|Any CPU.ActiveCfg = Release|Any CPU
		{F2578525-3E3A-40CF-A0B8-1730E51CC2C3}.Release|Any CPU.Build.0 = Release|Any CPU
		{00827105-7F00-4F34-9FCE-2EE9D698A183}.Debug|Any CPU.ActiveCfg = Debug|Any CPU
		{00827105-7F00-4F34-9FCE-2EE9D698A183}.Debug|Any CPU.Build.0 = Debug|Any CPU
		{00827105-7F00-4F34-9FCE-2EE9D698A183}.Release|Any CPU.ActiveCfg = Release|Any CPU
		{00827105-7F00-4F34-9FCE-2EE9D698A183}.Release|Any CPU.Build.0 = Release|Any CPU
	EndGlobalSection
	GlobalSection(SolutionProperties) = preSolution
		HideSolutionNode = FALSE
	EndGlobalSection
	GlobalSection(NestedProjects) = preSolution
		{1D2AF75E-2E46-4172-A46C-DD9B67C5678C} = {BFE1E825-7749-4097-A1FC-6F278DED3C59}
		{A40BB775-58E8-45DB-80ED-47A20E1C51FA} = {BFE1E825-7749-4097-A1FC-6F278DED3C59}
		{4DBA9171-A2AB-4F60-BE83-0DA2EC3E86F0} = {BFE1E825-7749-4097-A1FC-6F278DED3C59}
		{F2578525-3E3A-40CF-A0B8-1730E51CC2C3} = {4DBA9171-A2AB-4F60-BE83-0DA2EC3E86F0}
		{00827105-7F00-4F34-9FCE-2EE9D698A183} = {1D2AF75E-2E46-4172-A46C-DD9B67C5678C}
	EndGlobalSection
	GlobalSection(ExtensibilityGlobals) = postSolution
		SolutionGuid = {315F2EBA-0A2B-4DA9-B3A6-EECADCBEA03D}
	EndGlobalSection
EndGlobal
