
Microsoft Visual Studio Solution File, Format Version 12.00
# Visual Studio Version 16
VisualStudioVersion = 16.0.30204.135
MinimumVisualStudioVersion = 10.0.40219.1
Project("{2150E333-8FDC-42A3-9474-1A3956D46DE8}") = "src", "src", "{BFE1E825-7749-4097-A1FC-6F278DED3C59}"
EndProject
Project("{2150E333-8FDC-42A3-9474-1A3956D46DE8}") = "Structural", "Structural", "{1D2AF75E-2E46-4172-A46C-DD9B67C5678C}"
EndProject
Project("{2150E333-8FDC-42A3-9474-1A3956D46DE8}") = "Behavioral", "Behavioral", "{A40BB775-58E8-45DB-80ED-47A20E1C51FA}"
EndProject
Project("{2150E333-8FDC-42A3-9474-1A3956D46DE8}") = "Creational", "Creational", "{4DBA9171-A2AB-4F60-BE83-0DA2EC3E86F0}"
EndProject
Project("{9A19103F-16F7-4668-BE54-9A1E7A4F7556}") = "SingletonPattern", "src\SingletonPattern\SingletonPattern.csproj", "{F2578525-3E3A-40CF-A0B8-1730E51CC2C3}"
EndProject
Project("{9A19103F-16F7-4668-BE54-9A1E7A4F7556}") = "AdapterPattern", "src\AdapterPattern\AdapterPattern.csproj", "{00827105-7F00-4F34-9FCE-2EE9D698A183}"
EndProject
Project("{9A19103F-16F7-4668-BE54-9A1E7A4F7556}") = "StrategyPattern", "src\StrategyPattern\StrategyPattern.csproj", "{461BE783-86C6-4190-83F9-FA1C9BC57478}"
EndProject
Project("{9A19103F-16F7-4668-BE54-9A1E7A4F7556}") = "FacadePattern", "src\FacadePattern\FacadePattern.csproj", "{9186AEFA-ABBF-432F-AD6F-6FC8E1BAE9D8}"
EndProject
Project("{9A19103F-16F7-4668-BE54-9A1E7A4F7556}") = "ProxyPattern", "src\ProxyPattern\ProxyPattern.csproj", "{E1F5C9C1-0ABA-471C-B0F3-169C47FB4EA8}"
EndProject
Project("{9A19103F-16F7-4668-BE54-9A1E7A4F7556}") = "MediatorPattern", "src\MediatorPattern\MediatorPattern.csproj", "{88906C0A-0535-4EDD-A961-11DDD5B84651}"
EndProject
Project("{9A19103F-16F7-4668-BE54-9A1E7A4F7556}") = "ObserverPattern", "src\ObserverPattern\ObserverPattern.csproj", "{91BD0D25-F9DE-48EE-9C12-A1D716BB6715}"
EndProject
Project("{9A19103F-16F7-4668-BE54-9A1E7A4F7556}") = "BridgePattern", "src\BridgePattern\BridgePattern.csproj", "{EF625EA5-E3C0-4A00-9B3B-77F439A6C69D}"
EndProject
Project("{9A19103F-16F7-4668-BE54-9A1E7A4F7556}") = "TemplateMethodPattern", "src\TemplateMethodPattern\TemplateMethodPattern.csproj", "{CBE72B42-5858-4D54-A5B6-3C39F71AE2A7}"
EndProject
Project("{9A19103F-16F7-4668-BE54-9A1E7A4F7556}") = "FlyweightPattern", "src\FlyweightPattern\FlyweightPattern.csproj", "{21E84754-828F-4D30-A6A3-7B9E2D9ACC78}"
EndProject
Project("{9A19103F-16F7-4668-BE54-9A1E7A4F7556}") = "ChainOfRepository", "src\ChainOfRepository\ChainOfRepository.csproj", "{8514801E-24C5-4B90-B6CD-69823A28CD5F}"
EndProject
Project("{9A19103F-16F7-4668-BE54-9A1E7A4F7556}") = "VistorPattern", "src\VistorPattern\VistorPattern.csproj", "{5256B8B5-B79B-400E-BFDD-10C004AF0886}"
EndProject
Project("{9A19103F-16F7-4668-BE54-9A1E7A4F7556}") = "MementoPattern", "src\MementoPattern\MementoPattern.csproj", "{761B50B7-D4EB-491C-90B1-7385E812C973}"
EndProject
Project("{FAE04EC0-301F-11D3-BF4B-00C04F79EFBC}") = "CommandPattern", "src\CommandPattern\CommandPattern.csproj", "{DC53CF03-20CD-4F0F-AB1C-C27D6E36CCCE}"
EndProject
Global
	GlobalSection(SolutionConfigurationPlatforms) = preSolution
		Debug|Any CPU = Debug|Any CPU
		Release|Any CPU = Release|Any CPU
	EndGlobalSection
	GlobalSection(ProjectConfigurationPlatforms) = postSolution
		{F2578525-3E3A-40CF-A0B8-1730E51CC2C3}.Debug|Any CPU.ActiveCfg = Debug|Any CPU
		{F2578525-3E3A-40CF-A0B8-1730E51CC2C3}.Debug|Any CPU.Build.0 = Debug|Any CPU
		{F2578525-3E3A-40CF-A0B8-1730E51CC2C3}.Release|Any CPU.ActiveCfg = Release|Any CPU
		{F2578525-3E3A-40CF-A0B8-1730E51CC2C3}.Release|Any CPU.Build.0 = Release|Any CPU
		{00827105-7F00-4F34-9FCE-2EE9D698A183}.Debug|Any CPU.ActiveCfg = Debug|Any CPU
		{00827105-7F00-4F34-9FCE-2EE9D698A183}.Debug|Any CPU.Build.0 = Debug|Any CPU
		{00827105-7F00-4F34-9FCE-2EE9D698A183}.Release|Any CPU.ActiveCfg = Release|Any CPU
		{00827105-7F00-4F34-9FCE-2EE9D698A183}.Release|Any CPU.Build.0 = Release|Any CPU
		{461BE783-86C6-4190-83F9-FA1C9BC57478}.Debug|Any CPU.ActiveCfg = Debug|Any CPU
		{461BE783-86C6-4190-83F9-FA1C9BC57478}.Debug|Any CPU.Build.0 = Debug|Any CPU
		{461BE783-86C6-4190-83F9-FA1C9BC57478}.Release|Any CPU.ActiveCfg = Release|Any CPU
		{461BE783-86C6-4190-83F9-FA1C9BC57478}.Release|Any CPU.Build.0 = Release|Any CPU
		{9186AEFA-ABBF-432F-AD6F-6FC8E1BAE9D8}.Debug|Any CPU.ActiveCfg = Debug|Any CPU
		{9186AEFA-ABBF-432F-AD6F-6FC8E1BAE9D8}.Debug|Any CPU.Build.0 = Debug|Any CPU
		{9186AEFA-ABBF-432F-AD6F-6FC8E1BAE9D8}.Release|Any CPU.ActiveCfg = Release|Any CPU
		{9186AEFA-ABBF-432F-AD6F-6FC8E1BAE9D8}.Release|Any CPU.Build.0 = Release|Any CPU
		{E1F5C9C1-0ABA-471C-B0F3-169C47FB4EA8}.Debug|Any CPU.ActiveCfg = Debug|Any CPU
		{E1F5C9C1-0ABA-471C-B0F3-169C47FB4EA8}.Debug|Any CPU.Build.0 = Debug|Any CPU
		{E1F5C9C1-0ABA-471C-B0F3-169C47FB4EA8}.Release|Any CPU.ActiveCfg = Release|Any CPU
		{E1F5C9C1-0ABA-471C-B0F3-169C47FB4EA8}.Release|Any CPU.Build.0 = Release|Any CPU
		{88906C0A-0535-4EDD-A961-11DDD5B84651}.Debug|Any CPU.ActiveCfg = Debug|Any CPU
		{88906C0A-0535-4EDD-A961-11DDD5B84651}.Debug|Any CPU.Build.0 = Debug|Any CPU
		{88906C0A-0535-4EDD-A961-11DDD5B84651}.Release|Any CPU.ActiveCfg = Release|Any CPU
		{88906C0A-0535-4EDD-A961-11DDD5B84651}.Release|Any CPU.Build.0 = Release|Any CPU
		{91BD0D25-F9DE-48EE-9C12-A1D716BB6715}.Debug|Any CPU.ActiveCfg = Debug|Any CPU
		{91BD0D25-F9DE-48EE-9C12-A1D716BB6715}.Debug|Any CPU.Build.0 = Debug|Any CPU
		{91BD0D25-F9DE-48EE-9C12-A1D716BB6715}.Release|Any CPU.ActiveCfg = Release|Any CPU
		{91BD0D25-F9DE-48EE-9C12-A1D716BB6715}.Release|Any CPU.Build.0 = Release|Any CPU
		{EF625EA5-E3C0-4A00-9B3B-77F439A6C69D}.Debug|Any CPU.ActiveCfg = Debug|Any CPU
		{EF625EA5-E3C0-4A00-9B3B-77F439A6C69D}.Debug|Any CPU.Build.0 = Debug|Any CPU
		{EF625EA5-E3C0-4A00-9B3B-77F439A6C69D}.Release|Any CPU.ActiveCfg = Release|Any CPU
		{EF625EA5-E3C0-4A00-9B3B-77F439A6C69D}.Release|Any CPU.Build.0 = Release|Any CPU
		{CBE72B42-5858-4D54-A5B6-3C39F71AE2A7}.Debug|Any CPU.ActiveCfg = Debug|Any CPU
		{CBE72B42-5858-4D54-A5B6-3C39F71AE2A7}.Debug|Any CPU.Build.0 = Debug|Any CPU
		{CBE72B42-5858-4D54-A5B6-3C39F71AE2A7}.Release|Any CPU.ActiveCfg = Release|Any CPU
		{CBE72B42-5858-4D54-A5B6-3C39F71AE2A7}.Release|Any CPU.Build.0 = Release|Any CPU
		{21E84754-828F-4D30-A6A3-7B9E2D9ACC78}.Debug|Any CPU.ActiveCfg = Debug|Any CPU
		{21E84754-828F-4D30-A6A3-7B9E2D9ACC78}.Debug|Any CPU.Build.0 = Debug|Any CPU
		{21E84754-828F-4D30-A6A3-7B9E2D9ACC78}.Release|Any CPU.ActiveCfg = Release|Any CPU
		{21E84754-828F-4D30-A6A3-7B9E2D9ACC78}.Release|Any CPU.Build.0 = Release|Any CPU
		{8514801E-24C5-4B90-B6CD-69823A28CD5F}.Debug|Any CPU.ActiveCfg = Debug|Any CPU
		{8514801E-24C5-4B90-B6CD-69823A28CD5F}.Debug|Any CPU.Build.0 = Debug|Any CPU
		{8514801E-24C5-4B90-B6CD-69823A28CD5F}.Release|Any CPU.ActiveCfg = Release|Any CPU
		{8514801E-24C5-4B90-B6CD-69823A28CD5F}.Release|Any CPU.Build.0 = Release|Any CPU
		{5256B8B5-B79B-400E-BFDD-10C004AF0886}.Debug|Any CPU.ActiveCfg = Debug|Any CPU
		{5256B8B5-B79B-400E-BFDD-10C004AF0886}.Debug|Any CPU.Build.0 = Debug|Any CPU
		{5256B8B5-B79B-400E-BFDD-10C004AF0886}.Release|Any CPU.ActiveCfg = Release|Any CPU
		{5256B8B5-B79B-400E-BFDD-10C004AF0886}.Release|Any CPU.Build.0 = Release|Any CPU
		{761B50B7-D4EB-491C-90B1-7385E812C973}.Debug|Any CPU.ActiveCfg = Debug|Any CPU
		{761B50B7-D4EB-491C-90B1-7385E812C973}.Debug|Any CPU.Build.0 = Debug|Any CPU
		{761B50B7-D4EB-491C-90B1-7385E812C973}.Release|Any CPU.ActiveCfg = Release|Any CPU
		{761B50B7-D4EB-491C-90B1-7385E812C973}.Release|Any CPU.Build.0 = Release|Any CPU
		{DC53CF03-20CD-4F0F-AB1C-C27D6E36CCCE}.Debug|Any CPU.ActiveCfg = Debug|Any CPU
		{DC53CF03-20CD-4F0F-AB1C-C27D6E36CCCE}.Debug|Any CPU.Build.0 = Debug|Any CPU
		{DC53CF03-20CD-4F0F-AB1C-C27D6E36CCCE}.Release|Any CPU.ActiveCfg = Release|Any CPU
		{DC53CF03-20CD-4F0F-AB1C-C27D6E36CCCE}.Release|Any CPU.Build.0 = Release|Any CPU
	EndGlobalSection
	GlobalSection(SolutionProperties) = preSolution
		HideSolutionNode = FALSE
	EndGlobalSection
	GlobalSection(NestedProjects) = preSolution
		{1D2AF75E-2E46-4172-A46C-DD9B67C5678C} = {BFE1E825-7749-4097-A1FC-6F278DED3C59}
		{A40BB775-58E8-45DB-80ED-47A20E1C51FA} = {BFE1E825-7749-4097-A1FC-6F278DED3C59}
		{4DBA9171-A2AB-4F60-BE83-0DA2EC3E86F0} = {BFE1E825-7749-4097-A1FC-6F278DED3C59}
		{F2578525-3E3A-40CF-A0B8-1730E51CC2C3} = {4DBA9171-A2AB-4F60-BE83-0DA2EC3E86F0}
		{00827105-7F00-4F34-9FCE-2EE9D698A183} = {1D2AF75E-2E46-4172-A46C-DD9B67C5678C}
		{461BE783-86C6-4190-83F9-FA1C9BC57478} = {A40BB775-58E8-45DB-80ED-47A20E1C51FA}
		{9186AEFA-ABBF-432F-AD6F-6FC8E1BAE9D8} = {1D2AF75E-2E46-4172-A46C-DD9B67C5678C}
		{E1F5C9C1-0ABA-471C-B0F3-169C47FB4EA8} = {1D2AF75E-2E46-4172-A46C-DD9B67C5678C}
		{88906C0A-0535-4EDD-A961-11DDD5B84651} = {A40BB775-58E8-45DB-80ED-47A20E1C51FA}
		{91BD0D25-F9DE-48EE-9C12-A1D716BB6715} = {A40BB775-58E8-45DB-80ED-47A20E1C51FA}
		{EF625EA5-E3C0-4A00-9B3B-77F439A6C69D} = {1D2AF75E-2E46-4172-A46C-DD9B67C5678C}
		{CBE72B42-5858-4D54-A5B6-3C39F71AE2A7} = {A40BB775-58E8-45DB-80ED-47A20E1C51FA}
		{21E84754-828F-4D30-A6A3-7B9E2D9ACC78} = {1D2AF75E-2E46-4172-A46C-DD9B67C5678C}
		{8514801E-24C5-4B90-B6CD-69823A28CD5F} = {A40BB775-58E8-45DB-80ED-47A20E1C51FA}
		{5256B8B5-B79B-400E-BFDD-10C004AF0886} = {A40BB775-58E8-45DB-80ED-47A20E1C51FA}
		{761B50B7-D4EB-491C-90B1-7385E812C973} = {A40BB775-58E8-45DB-80ED-47A20E1C51FA}
		{DC53CF03-20CD-4F0F-AB1C-C27D6E36CCCE} = {A40BB775-58E8-45DB-80ED-47A20E1C51FA}
	EndGlobalSection
	GlobalSection(ExtensibilityGlobals) = postSolution
		SolutionGuid = {315F2EBA-0A2B-4DA9-B3A6-EECADCBEA03D}
	EndGlobalSection
EndGlobal
